
Microsoft Visual Studio Solution File, Format Version 12.00
# Visual Studio Version 16
VisualStudioVersion = 16.0.30413.136
MinimumVisualStudioVersion = 10.0.40219.1
Project("{FAE04EC0-301F-11D3-BF4B-00C04F79EFBC}") = "HelloWorld", "HelloWorld\HelloWorld.csproj", "{687E60D2-D8D8-429F-BD1B-53B8A9275724}"
EndProject
Global
	GlobalSection(SolutionConfigurationPlatforms) = preSolution
		Debug|Any CPU = Debug|Any CPU
		Release|Any CPU = Release|Any CPU
	EndGlobalSection
	GlobalSection(ProjectConfigurationPlatforms) = postSolution
		{687E60D2-D8D8-429F-BD1B-53B8A9275724}.Debug|Any CPU.ActiveCfg = Debug|Any CPU
		{687E60D2-D8D8-429F-BD1B-53B8A9275724}.Debug|Any CPU.Build.0 = Debug|Any CPU
		{687E60D2-D8D8-429F-BD1B-53B8A9275724}.Release|Any CPU.ActiveCfg = Release|Any CPU
		{687E60D2-D8D8-429F-BD1B-53B8A9275724}.Release|Any CPU.Build.0 = Release|Any CPU
	EndGlobalSection
	GlobalSection(SolutionProperties) = preSolution
		HideSolutionNode = FALSE
	EndGlobalSection
	GlobalSection(ExtensibilityGlobals) = postSolution
		SolutionGuid = {6EF4A0EF-3A38-46D6-B316-B5ED0E786354}
	EndGlobalSection
EndGlobal
